PODS:
  - CropViewController (2.3.6)
  - TesseractOCRiOS (4.0.0)

DEPENDENCIES:
  - CropViewController
  - TesseractOCRiOS (= 4.0.0)

SPEC CHECKSUMS:
  CropViewController: e6d4bd512d15a1709e9ddf71fe7d98ffd05dda0f
  TesseractOCRiOS: 90638afbe43d082433f2e76b384c7901d23956df

PODFILE CHECKSUM: 2f64b561c69713c42dd7543a7f178ff2de14ae00

COCOAPODS: 1.4.0
